
Microsoft Visual Studio Solution File, Format Version 12.00
# Visual Studio Version 17
VisualStudioVersion = 17.1.32421.90
MinimumVisualStudioVersion = 10.0.40219.1
Project("{FAE04EC0-301F-11D3-BF4B-00C04F79EFBC}") = "RomanNumeralKata", "RomanNumeralKata.csproj", "{653545EC-D559-427A-BD21-7C8A7DAF250F}"
EndProject
Global
	GlobalSection(SolutionConfigurationPlatforms) = preSolution
		Debug|Any CPU = Debug|Any CPU
		Release|Any CPU = Release|Any CPU
	EndGlobalSection
	GlobalSection(ProjectConfigurationPlatforms) = postSolution
		{653545EC-D559-427A-BD21-7C8A7DAF250F}.Debug|Any CPU.ActiveCfg = Debug|Any CPU
		{653545EC-D559-427A-BD21-7C8A7DAF250F}.Debug|Any CPU.Build.0 = Debug|Any CPU
		{653545EC-D559-427A-BD21-7C8A7DAF250F}.Release|Any CPU.ActiveCfg = Release|Any CPU
		{653545EC-D559-427A-BD21-7C8A7DAF250F}.Release|Any CPU.Build.0 = Release|Any CPU
	EndGlobalSection
	GlobalSection(SolutionProperties) = preSolution
		HideSolutionNode = FALSE
	EndGlobalSection
	GlobalSection(ExtensibilityGlobals) = postSolution
		SolutionGuid = {09B9A696-DE7C-45A8-85A7-738862E89618}
	EndGlobalSection
EndGlobal
